lockfile_version: '1'
generated_at: '2026-09-05T18:42:18.101253+00:00'
apm_version: 0.29.0
dependencies:
- repo_url: _local/review-pr-gate
  name: review-pr-gate
  version: 0.2.0
  package_type: apm_package
  deployed_files:
  - .claude/agents/pr-risk-reviewer.md
  - .claude/commands/review-pr.md
  - .claude/skills/review-pr-gate
  - .claude/skills/review-pr-gate/SKILL.md
  - .claude/skills/review-pr-gate/references/lanes.md
  - .claude/skills/review-pr-gate/references/verdict-rules.md
  - .claude/skills/review-pr-gate/scripts/pr-context.sh
  deployed_file_hashes:
    .claude/agents/pr-risk-reviewer.md: sha256:a98ecf7ceba5e99e8e41bc201e864eb984fbc3651e2d49d829691d4dac58ae14
    .claude/commands/review-pr.md: sha256:c42f1ec2854762fdc97aac96828611e6ad2d0b94eae8aa6dbe3d80443a3646ab
    .claude/skills/review-pr-gate/SKILL.md: sha256:f705e0aa81f782b4c7a14c3d57f2accae7dfc56e7c5d8c33e2a84359ec66e86e
    .claude/skills/review-pr-gate/references/lanes.md: sha256:8e47077787ecb78e1426916bbc0f66401ee182f9e4f28631265251a6de9f110d
    .claude/skills/review-pr-gate/references/verdict-rules.md: sha256:c51d1bebaa3f743a62d784bccfe2e430865e8b00ed2662f895aecfdafbd61ae7
    .claude/skills/review-pr-gate/scripts/pr-context.sh: sha256:a5e258137e115d4332d0deb4ebfa734a2108d6a61520c71f2ac704d217f0a515
  source: local
  local_path: ./packages/review-pr-gate
  declared_license: MIT
- repo_url: _local/review-pr-merge
  name: review-pr-merge
  version: 0.2.0
  package_type: apm_package
  deployed_files:
  - .claude/commands/merge-pr.md
  - .claude/hooks/review-pr-merge/scripts/merge-guard.sh
  - .claude/hooks/review-pr-merge/scripts/parse_merge_command.py
  - .claude/skills/review-pr-merge
  - .claude/skills/review-pr-merge/SKILL.md
  - .claude/skills/review-pr-merge/references/preconditions.md
  - .claude/skills/review-pr-merge/scripts/preflight.sh
  deployed_file_hashes:
    .claude/commands/merge-pr.md: sha256:c23248d8450ff654c3a8bdf4c321a44c0b326cae6a2b01e097cd9e7cf864288d
    .claude/hooks/review-pr-merge/scripts/merge-guard.sh: sha256:23256a618698173340fe024fffe4afbdb795eea5ac3bf8da2a92984cee388b85
    .claude/hooks/review-pr-merge/scripts/parse_merge_command.py: sha256:a44f39410fb63aa6efbe0a388fc983227da46454d1c160fb16481a883d0143c2
    .claude/skills/review-pr-merge/SKILL.md: sha256:bbf2000b6d084816233ad0a549878459acfb831c9db08cbf684236d68bef80fe
    .claude/skills/review-pr-merge/references/preconditions.md: sha256:7ca47aa9194be9784ff605d3eef77f39c418fd5bbfaeedcc1b86a43ce5c5787d
    .claude/skills/review-pr-merge/scripts/preflight.sh: sha256:4c46987c28ea20b7efcf3d042c54da0dadf5413bfe640cd19dd92b57f0324867
  source: local
  local_path: ./packages/review-pr-merge
  declared_license: MIT
- repo_url: _local/maintain-env-sync
  name: maintain-env-sync
  version: 0.2.0
  depth: 2
  resolved_by: _local/review-pr-merge
  package_type: apm_package
  deployed_files:
  - .claude/commands/sync-env.md
  - .claude/skills/maintain-env-sync
  - .claude/skills/maintain-env-sync/SKILL.md
  - .claude/skills/maintain-env-sync/references/sync-strategies.md
  - .claude/skills/maintain-env-sync/scripts/sync-env.sh
  deployed_file_hashes:
    .claude/commands/sync-env.md: sha256:adafd8d6ab2a5f371b78bb95bc4f0e6fd48752fb2da1b6f9dc55ffe1ccf64809
    .claude/skills/maintain-env-sync/SKILL.md: sha256:e70e9f722bc88d07a940602e6de4555c0dcbd4932956ce64ea46fb176a25ed26
    .claude/skills/maintain-env-sync/references/sync-strategies.md: sha256:850fba22c1db6c64e6928590e606c658e957809b2f6782a9adde7e25ef900c3c
    .claude/skills/maintain-env-sync/scripts/sync-env.sh: sha256:61ceae7a389f3e505aa18eeb14e8655c0d28d35cb8018950ab3e9dc88597d74b
  source: local
  local_path: ../maintain-env-sync
  declaring_parent: ./packages/review-pr-merge
  anchored_local_path: packages/maintain-env-sync
  declared_license: MIT
- repo_url: _local/shipyard-contracts
  name: shipyard-contracts
  version: 0.2.0
  depth: 2
  resolved_by: _local/review-pr-gate
  package_type: apm_package
  deployed_files:
  - .claude/skills/shipyard-contracts
  - .claude/skills/shipyard-contracts/SKILL.md
  - .claude/skills/shipyard-contracts/assets/verdict-comment-template.md
  - .claude/skills/shipyard-contracts/references/verdict-schema-v1.md
  deployed_file_hashes:
    .claude/skills/shipyard-contracts/SKILL.md: sha256:adbe21c5b6bf71f49beace264d588ee88da36ff6e14f2d455db8434590fc6d5c
    .claude/skills/shipyard-contracts/assets/verdict-comment-template.md: sha256:8683148da479cb1c921db9eaa55e6c943443116c7beadc7c85339775a5e8d4f2
    .claude/skills/shipyard-contracts/references/verdict-schema-v1.md: sha256:c4848e737ce9d9a835ffe31ae89ee3b189bbdae634a8f5f417c63dc1575ef9e2
  source: local
  local_path: ../shipyard-contracts
  declaring_parent: ./packages/review-pr-gate
  anchored_local_path: packages/shipyard-contracts
  declared_license: MIT
- repo_url: _local/verify-runner
  name: verify-runner
  version: 0.2.0
  depth: 2
  resolved_by: _local/review-pr-gate
  package_type: apm_package
  deployed_files:
  - .claude/agents/evidence-ladder-runner.md
  - .claude/agents/unit-test-runner.md
  - .claude/skills/verify-runner
  - .claude/skills/verify-runner/SKILL.md
  - .claude/skills/verify-runner/references/evidence-ladder.md
  - .claude/skills/verify-runner/references/stack-detection.md
  deployed_file_hashes:
    .claude/agents/evidence-ladder-runner.md: sha256:c638e992edcb7f02a3feb9540f13b2839b80853cab90861dc194f16b4a34fe06
    .claude/agents/unit-test-runner.md: sha256:1309d9510ab9a248471e2307743f6f4503aeffe2ad1b2beeb6bce0101b8abb15
    .claude/skills/verify-runner/SKILL.md: sha256:09d12d4c66fa361be48b23ed6e065478e152c680ca2db3f27b6ec9aa64c87bd0
    .claude/skills/verify-runner/references/evidence-ladder.md: sha256:5df14afdc93cc92a9e1122047e9bab4b08791a2bbb352f2c9d5e056d4f6a55cc
    .claude/skills/verify-runner/references/stack-detection.md: sha256:f51c7d314573b7e52864a61488f5daf94f7e1c816bea575f29d32f49f81a2749
  source: local
  local_path: ../verify-runner
  declaring_parent: ./packages/review-pr-gate
  anchored_local_path: packages/verify-runner
  declared_license: MIT
- repo_url: mattpocock/skills
  name: code-review
  host: github.com
  resolved_commit: 6acc160e4e0cd062dbbbd7a1b26ae92855edf07e
  resolved_ref: v1.2.3
  version: unknown
  virtual_path: skills/engineering/code-review
  is_virtual: true
  depth: 2
  resolved_by: _local/review-pr-gate
  package_type: claude_skill
  deployed_files:
  - .claude/skills/code-review
  - .claude/skills/code-review/SKILL.md
  - .claude/skills/code-review/agents/openai.yaml
  deployed_file_hashes:
    .claude/skills/code-review/SKILL.md: sha256:9cf46653dd9c710ea1e6c22423caf31a794c88773bc94bdaa23140277f470442
    .claude/skills/code-review/agents/openai.yaml: sha256:8229ca854e11dc8e6aef2131ee03f31fb1561cf905fab9ccc325180cf3331352
  content_hash: sha256:c5e79e535abbb3e6da33bc44f870a558a3abc5152c678a64501b1130b5488fd5
deployments:
- kind: project-relative
  target: claude
  value: .claude/agents/evidence-ladder-runner.md
  runtime: null
  scope: project
  owners:
  - local:packages/verify-runner
  active_owner: local:packages/verify-runner
  content_hash: sha256:c638e992edcb7f02a3feb9540f13b2839b80853cab90861dc194f16b4a34fe06
- kind: project-relative
  target: claude
  value: .claude/agents/pr-risk-reviewer.md
  runtime: null
  scope: project
  owners:
  - ./packages/review-pr-gate
  active_owner: ./packages/review-pr-gate
  content_hash: sha256:a98ecf7ceba5e99e8e41bc201e864eb984fbc3651e2d49d829691d4dac58ae14
- kind: project-relative
  target: claude
  value: .claude/agents/unit-test-runner.md
  runtime: null
  scope: project
  owners:
  - local:packages/verify-runner
  active_owner: local:packages/verify-runner
  content_hash: sha256:1309d9510ab9a248471e2307743f6f4503aeffe2ad1b2beeb6bce0101b8abb15
- kind: project-relative
  target: claude
  value: .claude/commands/merge-pr.md
  runtime: null
  scope: project
  owners:
  - ./packages/review-pr-merge
  active_owner: ./packages/review-pr-merge
  content_hash: sha256:c23248d8450ff654c3a8bdf4c321a44c0b326cae6a2b01e097cd9e7cf864288d
- kind: project-relative
  target: claude
  value: .claude/commands/review-pr.md
  runtime: null
  scope: project
  owners:
  - ./packages/review-pr-gate
  active_owner: ./packages/review-pr-gate
  content_hash: sha256:c42f1ec2854762fdc97aac96828611e6ad2d0b94eae8aa6dbe3d80443a3646ab
- kind: project-relative
  target: claude
  value: .claude/commands/sync-env.md
  runtime: null
  scope: project
  owners:
  - local:packages/maintain-env-sync
  active_owner: local:packages/maintain-env-sync
  content_hash: sha256:adafd8d6ab2a5f371b78bb95bc4f0e6fd48752fb2da1b6f9dc55ffe1ccf64809
- kind: project-relative
  target: claude
  value: .claude/hooks/review-pr-merge/scripts/merge-guard.sh
  runtime: null
  scope: project
  owners:
  - ./packages/review-pr-merge
  active_owner: ./packages/review-pr-merge
  content_hash: sha256:23256a618698173340fe024fffe4afbdb795eea5ac3bf8da2a92984cee388b85
- kind: project-relative
  target: claude
  value: .claude/hooks/review-pr-merge/scripts/parse_merge_command.py
  runtime: null
  scope: project
  owners:
  - ./packages/review-pr-merge
  active_owner: ./packages/review-pr-merge
  content_hash: sha256:a44f39410fb63aa6efbe0a388fc983227da46454d1c160fb16481a883d0143c2
- kind: project-relative
  target: claude
  value: .claude/skills/code-review
  runtime: null
  scope: project
  owners:
  - mattpocock/skills/skills/engineering/code-review
  active_owner: mattpocock/skills/skills/engineering/code-review
  content_hash: null
- kind: project-relative
  target: claude
  value: .claude/skills/code-review/SKILL.md
  runtime: null
  scope: project
  owners:
  - mattpocock/skills/skills/engineering/code-review
  active_owner: mattpocock/skills/skills/engineering/code-review
  content_hash: sha256:9cf46653dd9c710ea1e6c22423caf31a794c88773bc94bdaa23140277f470442
- kind: project-relative
  target: claude
  value: .claude/skills/code-review/agents/openai.yaml
  runtime: null
  scope: project
  owners:
  - mattpocock/skills/skills/engineering/code-review
  active_owner: mattpocock/skills/skills/engineering/code-review
  content_hash: sha256:8229ca854e11dc8e6aef2131ee03f31fb1561cf905fab9ccc325180cf3331352
- kind: project-relative
  target: claude
  value: .claude/skills/maintain-env-sync
  runtime: null
  scope: project
  owners:
  - local:packages/maintain-env-sync
  active_owner: local:packages/maintain-env-sync
  content_hash: null
- kind: project-relative
  target: claude
  value: .claude/skills/maintain-env-sync/SKILL.md
  runtime: null
  scope: project
  owners:
  - local:packages/maintain-env-sync
  active_owner: local:packages/maintain-env-sync
  content_hash: sha256:e70e9f722bc88d07a940602e6de4555c0dcbd4932956ce64ea46fb176a25ed26
- kind: project-relative
  target: claude
  value: .claude/skills/maintain-env-sync/references/sync-strategies.md
  runtime: null
  scope: project
  owners:
  - local:packages/maintain-env-sync
  active_owner: local:packages/maintain-env-sync
  content_hash: sha256:850fba22c1db6c64e6928590e606c658e957809b2f6782a9adde7e25ef900c3c
- kind: project-relative
  target: claude
  value: .claude/skills/maintain-env-sync/scripts/sync-env.sh
  runtime: null
  scope: project
  owners:
  - local:packages/maintain-env-sync
  active_owner: local:packages/maintain-env-sync
  content_hash: sha256:61ceae7a389f3e505aa18eeb14e8655c0d28d35cb8018950ab3e9dc88597d74b
- kind: project-relative
  target: claude
  value: .claude/skills/review-pr-gate
  runtime: null
  scope: project
  owners:
  - ./packages/review-pr-gate
  active_owner: ./packages/review-pr-gate
  content_hash: null
- kind: project-relative
  target: claude
  value: .claude/skills/review-pr-gate/SKILL.md
  runtime: null
  scope: project
  owners:
  - ./packages/review-pr-gate
  active_owner: ./packages/review-pr-gate
  content_hash: sha256:f705e0aa81f782b4c7a14c3d57f2accae7dfc56e7c5d8c33e2a84359ec66e86e
- kind: project-relative
  target: claude
  value: .claude/skills/review-pr-gate/references/lanes.md
  runtime: null
  scope: project
  owners:
  - ./packages/review-pr-gate
  active_owner: ./packages/review-pr-gate
  content_hash: sha256:8e47077787ecb78e1426916bbc0f66401ee182f9e4f28631265251a6de9f110d
- kind: project-relative
  target: claude
  value: .claude/skills/review-pr-gate/references/verdict-rules.md
  runtime: null
  scope: project
  owners:
  - ./packages/review-pr-gate
  active_owner: ./packages/review-pr-gate
  content_hash: sha256:c51d1bebaa3f743a62d784bccfe2e430865e8b00ed2662f895aecfdafbd61ae7
- kind: project-relative
  target: claude
  value: .claude/skills/review-pr-gate/scripts/pr-context.sh
  runtime: null
  scope: project
  owners:
  - ./packages/review-pr-gate
  active_owner: ./packages/review-pr-gate
  content_hash: sha256:a5e258137e115d4332d0deb4ebfa734a2108d6a61520c71f2ac704d217f0a515
- kind: project-relative
  target: claude
  value: .claude/skills/review-pr-merge
  runtime: null
  scope: project
  owners:
  - ./packages/review-pr-merge
  active_owner: ./packages/review-pr-merge
  content_hash: null
- kind: project-relative
  target: claude
  value: .claude/skills/review-pr-merge/SKILL.md
  runtime: null
  scope: project
  owners:
  - ./packages/review-pr-merge
  active_owner: ./packages/review-pr-merge
  content_hash: sha256:bbf2000b6d084816233ad0a549878459acfb831c9db08cbf684236d68bef80fe
- kind: project-relative
  target: claude
  value: .claude/skills/review-pr-merge/references/preconditions.md
  runtime: null
  scope: project
  owners:
  - ./packages/review-pr-merge
  active_owner: ./packages/review-pr-merge
  content_hash: sha256:7ca47aa9194be9784ff605d3eef77f39c418fd5bbfaeedcc1b86a43ce5c5787d
- kind: project-relative
  target: claude
  value: .claude/skills/review-pr-merge/scripts/preflight.sh
  runtime: null
  scope: project
  owners:
  - ./packages/review-pr-merge
  active_owner: ./packages/review-pr-merge
  content_hash: sha256:4c46987c28ea20b7efcf3d042c54da0dadf5413bfe640cd19dd92b57f0324867
- kind: project-relative
  target: claude
  value: .claude/skills/shipyard-contracts
  runtime: null
  scope: project
  owners:
  - local:packages/shipyard-contracts
  active_owner: local:packages/shipyard-contracts
  content_hash: null
- kind: project-relative
  target: claude
  value: .claude/skills/shipyard-contracts/SKILL.md
  runtime: null
  scope: project
  owners:
  - local:packages/shipyard-contracts
  active_owner: local:packages/shipyard-contracts
  content_hash: sha256:adbe21c5b6bf71f49beace264d588ee88da36ff6e14f2d455db8434590fc6d5c
- kind: project-relative
  target: claude
  value: .claude/skills/shipyard-contracts/assets/verdict-comment-template.md
  runtime: null
  scope: project
  owners:
  - local:packages/shipyard-contracts
  active_owner: local:packages/shipyard-contracts
  content_hash: sha256:8683148da479cb1c921db9eaa55e6c943443116c7beadc7c85339775a5e8d4f2
- kind: project-relative
  target: claude
  value: .claude/skills/shipyard-contracts/references/verdict-schema-v1.md
  runtime: null
  scope: project
  owners:
  - local:packages/shipyard-contracts
  active_owner: local:packages/shipyard-contracts
  content_hash: sha256:c4848e737ce9d9a835ffe31ae89ee3b189bbdae634a8f5f417c63dc1575ef9e2
- kind: project-relative
  target: claude
  value: .claude/skills/verify-runner
  runtime: null
  scope: project
  owners:
  - local:packages/verify-runner
  active_owner: local:packages/verify-runner
  content_hash: null
- kind: project-relative
  target: claude
  value: .claude/skills/verify-runner/SKILL.md
  runtime: null
  scope: project
  owners:
  - local:packages/verify-runner
  active_owner: local:packages/verify-runner
  content_hash: sha256:09d12d4c66fa361be48b23ed6e065478e152c680ca2db3f27b6ec9aa64c87bd0
- kind: project-relative
  target: claude
  value: .claude/skills/verify-runner/references/evidence-ladder.md
  runtime: null
  scope: project
  owners:
  - local:packages/verify-runner
  active_owner: local:packages/verify-runner
  content_hash: sha256:5df14afdc93cc92a9e1122047e9bab4b08791a2bbb352f2c9d5e056d4f6a55cc
- kind: project-relative
  target: claude
  value: .claude/skills/verify-runner/references/stack-detection.md
  runtime: null
  scope: project
  owners:
  - local:packages/verify-runner
  active_owner: local:packages/verify-runner
  content_hash: sha256:f51c7d314573b7e52864a61488f5daf94f7e1c816bea575f29d32f49f81a2749
